
Microsoft Visual Studio Solution File, Format Version 12.00
# Visual Studio 15
VisualStudioVersion = 15.0.26730.16
MinimumVisualStudioVersion = 10.0.40219.1
Project("{FAE04EC0-301F-11D3-BF4B-00C04F79EFBC}") = "Country IP range", "Country IP range\Country IP range.csproj", "{A8783542-F365-40BF-BF09-72955115A064}"
EndProject
Global
	GlobalSection(SolutionConfigurationPlatforms) = preSolution
		Debug|Any CPU = Debug|Any CPU
		Release|Any CPU = Release|Any CPU
	EndGlobalSection
	GlobalSection(ProjectConfigurationPlatforms) = postSolution
		{A8783542-F365-40BF-BF09-72955115A064}.Debug|Any CPU.ActiveCfg = Debug|Any CPU
		{A8783542-F365-40BF-BF09-72955115A064}.Debug|Any CPU.Build.0 = Debug|Any CPU
		{A8783542-F365-40BF-BF09-72955115A064}.Release|Any CPU.ActiveCfg = Release|Any CPU
		{A8783542-F365-40BF-BF09-72955115A064}.Release|Any CPU.Build.0 = Release|Any CPU
	EndGlobalSection
	GlobalSection(SolutionProperties) = preSolution
		HideSolutionNode = FALSE
	EndGlobalSection
	GlobalSection(ExtensibilityGlobals) = postSolution
		SolutionGuid = {4AD17536-5670-459C-9E69-118CD32C409D}
	EndGlobalSection
EndGlobal
